
Microsoft Visual Studio Solution File, Format Version 12.00
# Visual Studio Version 17
VisualStudioVersion = 17.14.36518.9
MinimumVisualStudioVersion = 10.0.40219.1
Project("{FAE04EC0-301F-11D3-BF4B-00C04F79EFBC}") = "Modularis.Language", "Modularis.Language.csproj", "{3E02B7A4-3C19-4171-AB2E-88D9EB30E778}"
EndProject
Project("{FAE04EC0-301F-11D3-BF4B-00C04F79EFBC}") = "Language.Interface", "Language.Interface\Language.Interface.csproj", "{BFA06356-3D53-494D-8696-1E8B01D442FA}"
EndProject
Project("{FAE04EC0-301F-11D3-BF4B-00C04F79EFBC}") = "Language.Message", "Language.Message\Language.Message.csproj", "{EC225BD6-62A0-4832-B857-10F008281CF9}"
EndProject
Project("{FAE04EC0-301F-11D3-BF4B-00C04F79EFBC}") = "Language.Container", "Language.Container\Language.Container.csproj", "{9F0F46E0-1DC9-475C-8A52-94601849C4F9}"
EndProject
Project("{FAE04EC0-301F-11D3-BF4B-00C04F79EFBC}") = "Modularis.Language.Spanish", "Modularis.Language.Spanish\Modularis.Language.Spanish.csproj", "{6D6C4174-48A3-4838-BB52-73C99DBF369C}"
EndProject
Global
	GlobalSection(SolutionConfigurationPlatforms) = preSolution
		Debug|Any CPU = Debug|Any CPU
		Release|Any CPU = Release|Any CPU
	EndGlobalSection
	GlobalSection(ProjectConfigurationPlatforms) = postSolution
		{3E02B7A4-3C19-4171-AB2E-88D9EB30E778}.Debug|Any CPU.ActiveCfg = Debug|Any CPU
		{3E02B7A4-3C19-4171-AB2E-88D9EB30E778}.Debug|Any CPU.Build.0 = Debug|Any CPU
		{3E02B7A4-3C19-4171-AB2E-88D9EB30E778}.Release|Any CPU.ActiveCfg = Release|Any CPU
		{3E02B7A4-3C19-4171-AB2E-88D9EB30E778}.Release|Any CPU.Build.0 = Release|Any CPU
		{BFA06356-3D53-494D-8696-1E8B01D442FA}.Debug|Any CPU.ActiveCfg = Debug|Any CPU
		{BFA06356-3D53-494D-8696-1E8B01D442FA}.Debug|Any CPU.Build.0 = Debug|Any CPU
		{BFA06356-3D53-494D-8696-1E8B01D442FA}.Release|Any CPU.ActiveCfg = Release|Any CPU
		{BFA06356-3D53-494D-8696-1E8B01D442FA}.Release|Any CPU.Build.0 = Release|Any CPU
		{EC225BD6-62A0-4832-B857-10F008281CF9}.Debug|Any CPU.ActiveCfg = Debug|Any CPU
		{EC225BD6-62A0-4832-B857-10F008281CF9}.Debug|Any CPU.Build.0 = Debug|Any CPU
		{EC225BD6-62A0-4832-B857-10F008281CF9}.Release|Any CPU.ActiveCfg = Release|Any CPU
		{EC225BD6-62A0-4832-B857-10F008281CF9}.Release|Any CPU.Build.0 = Release|Any CPU
		{9F0F46E0-1DC9-475C-8A52-94601849C4F9}.Debug|Any CPU.ActiveCfg = Debug|Any CPU
		{9F0F46E0-1DC9-475C-8A52-94601849C4F9}.Debug|Any CPU.Build.0 = Debug|Any CPU
		{9F0F46E0-1DC9-475C-8A52-94601849C4F9}.Release|Any CPU.ActiveCfg = Release|Any CPU
		{9F0F46E0-1DC9-475C-8A52-94601849C4F9}.Release|Any CPU.Build.0 = Release|Any CPU
		{6D6C4174-48A3-4838-BB52-73C99DBF369C}.Debug|Any CPU.ActiveCfg = Debug|Any CPU
		{6D6C4174-48A3-4838-BB52-73C99DBF369C}.Debug|Any CPU.Build.0 = Debug|Any CPU
		{6D6C4174-48A3-4838-BB52-73C99DBF369C}.Release|Any CPU.ActiveCfg = Release|Any CPU
		{6D6C4174-48A3-4838-BB52-73C99DBF369C}.Release|Any CPU.Build.0 = Release|Any CPU
	EndGlobalSection
	GlobalSection(SolutionProperties) = preSolution
		HideSolutionNode = FALSE
	EndGlobalSection
	GlobalSection(ExtensibilityGlobals) = postSolution
		SolutionGuid = {61CC5416-E528-42BE-AC89-171FF699B505}
	EndGlobalSection
EndGlobal
